// !$*UTF8*$!
{
	archiveVersion = 1;
	classes = {
	};
	objectVersion = 50;
	objects = {

/* Begin PBXBuildFile section */
		95CE07162618EC33009B85CE /* PracticalGuideToDragGestureRecognizerApp.swift in Sources */ = {isa = PBXBuildFile; fileRef = 95CE07152618EC33009B85CE /* PracticalGuideToDragGestureRecognizerApp.swift */; };
		95CE07182618EC33009B85CE /* ContentView.swift in Sources */ = {isa = PBXBuildFile; fileRef = 95CE07172618EC33009B85CE /* ContentView.swift */; };
		95CE071A2618EC33009B85CE /* Assets.xcassets in Resources */ = {isa = PBXBuildFile; fileRef = 95CE07192618EC33009B85CE /* Assets.xcassets */; };
		95CE071D2618EC33009B85CE /* Preview Assets.xcassets in Resources */ = {isa = PBXBuildFile; fileRef = 95CE071C2618EC33009B85CE /* Preview Assets.xcassets */; };
		95CE07272618EC81009B85CE /* example1.swift in Sources */ = {isa = PBXBuildFile; fileRef = 95CE07262618EC81009B85CE /* example1.swift */; };
		95CE072A2618EC8D009B85CE /* example2.swift in Sources */ = {isa = PBXBuildFile; fileRef = 95CE07292618EC8D009B85CE /* example2.swift */; };
		95CE072D2618EC96009B85CE /* example3.swift in Sources */ = {isa = PBXBuildFile; fileRef = 95CE072C2618EC96009B85CE /* example3.swift */; };
		95CE07302618EC9E009B85CE /* example4.swift in Sources */ = {isa = PBXBuildFile; fileRef = 95CE072F2618EC9E009B85CE /* example4.swift */; };
		95CE07332618ECA6009B85CE /* example5.swift in Sources */ = {isa = PBXBuildFile; fileRef = 95CE07322618ECA6009B85CE /* example5.swift */; };
		95CE07362618ECAE009B85CE /* example6.swift in Sources */ = {isa = PBXBuildFile; fileRef = 95CE07352618ECAE009B85CE /* example6.swift */; };
		95CE07392618ECB4009B85CE /* example7.swift in Sources */ = {isa = PBXBuildFile; fileRef = 95CE07382618ECB4009B85CE /* example7.swift */; };
		95CE073C2618ECBB009B85CE /* example8.swift in Sources */ = {isa = PBXBuildFile; fileRef = 95CE073B2618ECBB009B85CE /* example8.swift */; };
/* End PBXBuildFile section */

/* Begin PBXFileReference section */
		95CE07122618EC33009B85CE /* PracticalGuideToDragGestureRecognizer.app */ = {isa = PBXFileReference; explicitFileType = wrapper.application; includeInIndex = 0; path = PracticalGuideToDragGestureRecognizer.app; sourceTree = BUILT_PRODUCTS_DIR; };
		95CE07152618EC33009B85CE /* PracticalGuideToDragGestureRecognizerApp.swift */ = {isa = PBXFileReference; lastKnownFileType = sourcecode.swift; path = PracticalGuideToDragGestureRecognizerApp.swift; sourceTree = "<group>"; };
		95CE07172618EC33009B85CE /* ContentView.swift */ = {isa = PBXFileReference; lastKnownFileType = sourcecode.swift; path = ContentView.swift; sourceTree = "<group>"; };
		95CE07192618EC33009B85CE /* Assets.xcassets */ = {isa = PBXFileReference; lastKnownFileType = folder.assetcatalog; path = Assets.xcassets; sourceTree = "<group>"; };
		95CE071C2618EC33009B85CE /* Preview Assets.xcassets */ = {isa = PBXFileReference; lastKnownFileType = folder.assetcatalog; path = "Preview Assets.xcassets"; sourceTree = "<group>"; };
		95CE071E2618EC33009B85CE /* Info.plist */ = {isa = PBXFileReference; lastKnownFileType = text.plist.xml; path = Info.plist; sourceTree = "<group>"; };
		95CE07262618EC81009B85CE /* example1.swift */ = {isa = PBXFileReference; lastKnownFileType = sourcecode.swift; path = example1.swift; sourceTree = "<group>"; };
		95CE07292618EC8D009B85CE /* example2.swift */ = {isa = PBXFileReference; lastKnownFileType = sourcecode.swift; path = example2.swift; sourceTree = "<group>"; };
		95CE072C2618EC96009B85CE /* example3.swift */ = {isa = PBXFileReference; lastKnownFileType = sourcecode.swift; path = example3.swift; sourceTree = "<group>"; };
		95CE072F2618EC9E009B85CE /* example4.swift */ = {isa = PBXFileReference; lastKnownFileType = sourcecode.swift; path = example4.swift; sourceTree = "<group>"; };
		95CE07322618ECA6009B85CE /* example5.swift */ = {isa = PBXFileReference; lastKnownFileType = sourcecode.swift; path = example5.swift; sourceTree = "<group>"; };
		95CE07352618ECAE009B85CE /* example6.swift */ = {isa = PBXFileReference; lastKnownFileType = sourcecode.swift; path = example6.swift; sourceTree = "<group>"; };
		95CE07382618ECB4009B85CE /* example7.swift */ = {isa = PBXFileReference; lastKnownFileType = sourcecode.swift; path = example7.swift; sourceTree = "<group>"; };
		95CE073B2618ECBB009B85CE /* example8.swift */ = {isa = PBXFileReference; lastKnownFileType = sourcecode.swift; path = example8.swift; sourceTree = "<group>"; };
/* End PBXFileReference section */

/* Begin PBXFrameworksBuildPhase section */
		95CE070F2618EC33009B85CE /* Frameworks */ = {
			isa = PBXFrameworksBuildPhase;
			buildActionMask = 2147483647;
			files = (
			);
			runOnlyForDeploymentPostprocessing = 0;
		};
/* End PBXFrameworksBuildPhase section */

/* Begin PBXGroup section */
		95CE07092618EC33009B85CE = {
			isa = PBXGroup;
			children = (
				95CE07142618EC33009B85CE /* PracticalGuideToDragGestureRecognizer */,
				95CE07132618EC33009B85CE /* Products */,
			);
			sourceTree = "<group>";
		};
		95CE07132618EC33009B85CE /* Products */ = {
			isa = PBXGroup;
			children = (
				95CE07122618EC33009B85CE /* PracticalGuideToDragGestureRecognizer.app */,
			);
			name = Products;
			sourceTree = "<group>";
		};
		95CE07142618EC33009B85CE /* PracticalGuideToDragGestureRecognizer */ = {
			isa = PBXGroup;
			children = (
				95CE07252618EC6C009B85CE /* examples */,
				95CE07152618EC33009B85CE /* PracticalGuideToDragGestureRecognizerApp.swift */,
				95CE07172618EC33009B85CE /* ContentView.swift */,
				95CE07192618EC33009B85CE /* Assets.xcassets */,
				95CE071E2618EC33009B85CE /* Info.plist */,
				95CE071B2618EC33009B85CE /* Preview Content */,
			);
			path = PracticalGuideToDragGestureRecognizer;
			sourceTree = "<group>";
		};
		95CE071B2618EC33009B85CE /* Preview Content */ = {
			isa = PBXGroup;
			children = (
				95CE071C2618EC33009B85CE /* Preview Assets.xcassets */,
			);
			path = "Preview Content";
			sourceTree = "<group>";
		};
		95CE07252618EC6C009B85CE /* examples */ = {
			isa = PBXGroup;
			children = (
				95CE07262618EC81009B85CE /* example1.swift */,
				95CE07292618EC8D009B85CE /* example2.swift */,
				95CE072C2618EC96009B85CE /* example3.swift */,
				95CE072F2618EC9E009B85CE /* example4.swift */,
				95CE07322618ECA6009B85CE /* example5.swift */,
				95CE07352618ECAE009B85CE /* example6.swift */,
				95CE07382618ECB4009B85CE /* example7.swift */,
				95CE073B2618ECBB009B85CE /* example8.swift */,
			);
			path = examples;
			sourceTree = "<group>";
		};
/* End PBXGroup section */

/* Begin PBXNativeTarget section */
		95CE07112618EC33009B85CE /* PracticalGuideToDragGestureRecognizer */ = {
			isa = PBXNativeTarget;
			buildConfigurationList = 95CE07212618EC33009B85CE /* Build configuration list for PBXNativeTarget "PracticalGuideToDragGestureRecognizer" */;
			buildPhases = (
				95CE070E2618EC33009B85CE /* Sources */,
				95CE070F2618EC33009B85CE /* Frameworks */,
				95CE07102618EC33009B85CE /* Resources */,
			);
			buildRules = (
			);
			dependencies = (
			);
			name = PracticalGuideToDragGestureRecognizer;
			productName = PracticalGuideToDragGestureRecognizer;
			productReference = 95CE07122618EC33009B85CE /* PracticalGuideToDragGestureRecognizer.app */;
			productType = "com.apple.product-type.application";
		};
/* End PBXNativeTarget section */

/* Begin PBXProject section */
		95CE070A2618EC33009B85CE /* Project object */ = {
			isa = PBXProject;
			attributes = {
				LastSwiftUpdateCheck = 1240;
				LastUpgradeCheck = 1240;
				TargetAttributes = {
					95CE07112618EC33009B85CE = {
						CreatedOnToolsVersion = 12.4;
					};
				};
			};
			buildConfigurationList = 95CE070D2618EC33009B85CE /* Build configuration list for PBXProject "PracticalGuideToDragGestureRecognizer" */;
			compatibilityVersion = "Xcode 9.3";
			developmentRegion = en;
			hasScannedForEncodings = 0;
			knownRegions = (
				en,
				Base,
			);
			mainGroup = 95CE07092618EC33009B85CE;
			productRefGroup = 95CE07132618EC33009B85CE /* Products */;
			projectDirPath = "";
			projectRoot = "";
			targets = (
				95CE07112618EC33009B85CE /* PracticalGuideToDragGestureRecognizer */,
			);
		};
/* End PBXProject section */

/* Begin PBXResourcesBuildPhase section */
		95CE07102618EC33009B85CE /* Resources */ = {
			isa = PBXResourcesBuildPhase;
			buildActionMask = 2147483647;
			files = (
				95CE071D2618EC33009B85CE /* Preview Assets.xcassets in Resources */,
				95CE071A2618EC33009B85CE /* Assets.xcassets in Resources */,
			);
			runOnlyForDeploymentPostprocessing = 0;
		};
/* End PBXResourcesBuildPhase section */

/* Begin PBXSourcesBuildPhase section */
		95CE070E2618EC33009B85CE /* Sources */ = {
			isa = PBXSourcesBuildPhase;
			buildActionMask = 2147483647;
			files = (
				95CE07272618EC81009B85CE /* example1.swift in Sources */,
				95CE07182618EC33009B85CE /* ContentView.swift in Sources */,
				95CE07162618EC33009B85CE /* PracticalGuideToDragGestureRecognizerApp.swift in Sources */,
				95CE073C2618ECBB009B85CE /* example8.swift in Sources */,
				95CE07362618ECAE009B85CE /* example6.swift in Sources */,
				95CE07332618ECA6009B85CE /* example5.swift in Sources */,
				95CE07302618EC9E009B85CE /* example4.swift in Sources */,
				95CE07392618ECB4009B85CE /* example7.swift in Sources */,
				95CE072D2618EC96009B85CE /* example3.swift in Sources */,
				95CE072A2618EC8D009B85CE /* example2.swift in Sources */,
			);
			runOnlyForDeploymentPostprocessing = 0;
		};
/* End PBXSourcesBuildPhase section */

/* Begin XCBuildConfiguration section */
		95CE071F2618EC33009B85CE /* Debug */ = {
			isa = XCBuildConfiguration;
			buildSettings = {
				ALWAYS_SEARCH_USER_PATHS = NO;
				CLANG_ANALYZER_NONNULL = YES;
				CLANG_ANALYZER_NUMBER_OBJECT_CONVERSION = YES_AGGRESSIVE;
				CLANG_CXX_LANGUAGE_STANDARD = "gnu++14";
				CLANG_CXX_LIBRARY = "libc++";
				CLANG_ENABLE_MODULES = YES;
				CLANG_ENABLE_OBJC_ARC = YES;
				CLANG_ENABLE_OBJC_WEAK = YES;
				CLANG_WARN_BLOCK_CAPTURE_AUTORELEASING = YES;
				CLANG_WARN_BOOL_CONVERSION = YES;
				CLANG_WARN_COMMA = YES;
				CLANG_WARN_CONSTANT_CONVERSION = YES;
				CLANG_WARN_DEPRECATED_OBJC_IMPLEMENTATIONS = YES;
				CLANG_WARN_DIRECT_OBJC_ISA_USAGE = YES_ERROR;
				CLANG_WARN_DOCUMENTATION_COMMENTS = YES;
				CLANG_WARN_EMPTY_BODY = YES;
				CLANG_WARN_ENUM_CONVERSION = YES;
				CLANG_WARN_INFINITE_RECURSION = YES;
				CLANG_WARN_INT_CONVERSION = YES;
				CLANG_WARN_NON_LITERAL_NULL_CONVERSION = YES;
				CLANG_WARN_OBJC_IMPLICIT_RETAIN_SELF = YES;
				CLANG_WARN_OBJC_LITERAL_CONVERSION = YES;
				CLANG_WARN_OBJC_ROOT_CLASS = YES_ERROR;
				CLANG_WARN_QUOTED_INCLUDE_IN_FRAMEWORK_HEADER = YES;
				CLANG_WARN_RANGE_LOOP_ANALYSIS = YES;
				CLANG_WARN_STRICT_PROTOTYPES = YES;
				CLANG_WARN_SUSPICIOUS_MOVE = YES;
				CLANG_WARN_UNGUARDED_AVAILABILITY = YES_AGGRESSIVE;
				CLANG_WARN_UNREACHABLE_CODE = YES;
				CLANG_WARN__DUPLICATE_METHOD_MATCH = YES;
				COPY_PHASE_STRIP = NO;
				DEBUG_INFORMATION_FORMAT = dwarf;
				ENABLE_STRICT_OBJC_MSGSEND = YES;
				ENABLE_TESTABILITY = YES;
				GCC_C_LANGUAGE_STANDARD = gnu11;
				GCC_DYNAMIC_NO_PIC = NO;
				GCC_NO_COMMON_BLOCKS = YES;
				GCC_OPTIMIZATION_LEVEL = 0;
				GCC_PREPROCESSOR_DEFINITIONS = (
					"DEBUG=1",
					"$(inherited)",
				);
				GCC_WARN_64_TO_32_BIT_CONVERSION = YES;
				GCC_WARN_ABOUT_RETURN_TYPE = YES_ERROR;
				GCC_WARN_UNDECLARED_SELECTOR = YES;
				GCC_WARN_UNINITIALIZED_AUTOS = YES_AGGRESSIVE;
				GCC_WARN_UNUSED_FUNCTION = YES;
				GCC_WARN_UNUSED_VARIABLE = YES;
				IPHONEOS_DEPLOYMENT_TARGET = 14.4;
				MTL_ENABLE_DEBUG_INFO = INCLUDE_SOURCE;
				MTL_FAST_MATH = YES;
				ONLY_ACTIVE_ARCH = YES;
				SDKROOT = iphoneos;
				SWIFT_ACTIVE_COMPILATION_CONDITIONS = DEBUG;
				SWIFT_OPTIMIZATION_LEVEL = "-Onone";
			};
			name = Debug;
		};
		95CE07202618EC33009B85CE /* Release */ = {
			isa = XCBuildConfiguration;
			buildSettings = {
				ALWAYS_SEARCH_USER_PATHS = NO;
				CLANG_ANALYZER_NONNULL = YES;
				CLANG_ANALYZER_NUMBER_OBJECT_CONVERSION = YES_AGGRESSIVE;
				CLANG_CXX_LANGUAGE_STANDARD = "gnu++14";
				CLANG_CXX_LIBRARY = "libc++";
				CLANG_ENABLE_MODULES = YES;
				CLANG_ENABLE_OBJC_ARC = YES;
				CLANG_ENABLE_OBJC_WEAK = YES;
				CLANG_WARN_BLOCK_CAPTURE_AUTORELEASING = YES;
				CLANG_WARN_BOOL_CONVERSION = YES;
				CLANG_WARN_COMMA = YES;
				CLANG_WARN_CONSTANT_CONVERSION = YES;
				CLANG_WARN_DEPRECATED_OBJC_IMPLEMENTATIONS = YES;
				CLANG_WARN_DIRECT_OBJC_ISA_USAGE = YES_ERROR;
				CLANG_WARN_DOCUMENTATION_COMMENTS = YES;
				CLANG_WARN_EMPTY_BODY = YES;
				CLANG_WARN_ENUM_CONVERSION = YES;
				CLANG_WARN_INFINITE_RECURSION = YES;
				CLANG_WARN_INT_CONVERSION = YES;
				CLANG_WARN_NON_LITERAL_NULL_CONVERSION = YES;
				CLANG_WARN_OBJC_IMPLICIT_RETAIN_SELF = YES;
				CLANG_WARN_OBJC_LITERAL_CONVERSION = YES;
				CLANG_WARN_OBJC_ROOT_CLASS = YES_ERROR;
				CLANG_WARN_QUOTED_INCLUDE_IN_FRAMEWORK_HEADER = YES;
				CLANG_WARN_RANGE_LOOP_ANALYSIS = YES;
				CLANG_WARN_STRICT_PROTOTYPES = YES;
				CLANG_WARN_SUSPICIOUS_MOVE = YES;
				CLANG_WARN_UNGUARDED_AVAILABILITY = YES_AGGRESSIVE;
				CLANG_WARN_UNREACHABLE_CODE = YES;
				CLANG_WARN__DUPLICATE_METHOD_MATCH = YES;
				COPY_PHASE_STRIP = NO;
				DEBUG_INFORMATION_FORMAT = "dwarf-with-dsym";
				ENABLE_NS_ASSERTIONS = NO;
				ENABLE_STRICT_OBJC_MSGSEND = YES;
				GCC_C_LANGUAGE_STANDARD = gnu11;
				GCC_NO_COMMON_BLOCKS = YES;
				GCC_WARN_64_TO_32_BIT_CONVERSION = YES;
				GCC_WARN_ABOUT_RETURN_TYPE = YES_ERROR;
				GCC_WARN_UNDECLARED_SELECTOR = YES;
				GCC_WARN_UNINITIALIZED_AUTOS = YES_AGGRESSIVE;
				GCC_WARN_UNUSED_FUNCTION = YES;
				GCC_WARN_UNUSED_VARIABLE = YES;
				IPHONEOS_DEPLOYMENT_TARGET = 14.4;
				MTL_ENABLE_DEBUG_INFO = NO;
				MTL_FAST_MATH = YES;
				SDKROOT = iphoneos;
				SWIFT_COMPILATION_MODE = wholemodule;
				SWIFT_OPTIMIZATION_LEVEL = "-O";
				VALIDATE_PRODUCT = YES;
			};
			name = Release;
		};
		95CE07222618EC33009B85CE /* Debug */ = {
			isa = XCBuildConfiguration;
			buildSettings = {
				ASSETCATALOG_COMPILER_APPICON_NAME = AppIcon;
				ASSETCATALOG_COMPILER_GLOBAL_ACCENT_COLOR_NAME = AccentColor;
				CODE_SIGN_STYLE = Automatic;
				DEVELOPMENT_ASSET_PATHS = "\"PracticalGuideToDragGestureRecognizer/Preview Content\"";
				DEVELOPMENT_TEAM = L8W86DZDY2;
				ENABLE_PREVIEWS = YES;
				INFOPLIST_FILE = PracticalGuideToDragGestureRecognizer/Info.plist;
				IPHONEOS_DEPLOYMENT_TARGET = 14.0;
				LD_RUNPATH_SEARCH_PATHS = (
					"$(inherited)",
					"@executable_path/Frameworks",
				);
				PRODUCT_BUNDLE_IDENTIFIER = com.ri.PracticalGuideToDragGestureRecognizer;
				PRODUCT_NAME = "$(TARGET_NAME)";
				SWIFT_VERSION = 5.0;
				TARGETED_DEVICE_FAMILY = "1,2";
			};
			name = Debug;
		};
		95CE07232618EC33009B85CE /* Release */ = {
			isa = XCBuildConfiguration;
			buildSettings = {
				ASSETCATALOG_COMPILER_APPICON_NAME = AppIcon;
				ASSETCATALOG_COMPILER_GLOBAL_ACCENT_COLOR_NAME = AccentColor;
				CODE_SIGN_STYLE = Automatic;
				DEVELOPMENT_ASSET_PATHS = "\"PracticalGuideToDragGestureRecognizer/Preview Content\"";
				DEVELOPMENT_TEAM = L8W86DZDY2;
				ENABLE_PREVIEWS = YES;
				INFOPLIST_FILE = PracticalGuideToDragGestureRecognizer/Info.plist;
				IPHONEOS_DEPLOYMENT_TARGET = 14.0;
				LD_RUNPATH_SEARCH_PATHS = (
					"$(inherited)",
					"@executable_path/Frameworks",
				);
				PRODUCT_BUNDLE_IDENTIFIER = com.ri.PracticalGuideToDragGestureRecognizer;
				PRODUCT_NAME = "$(TARGET_NAME)";
				SWIFT_VERSION = 5.0;
				TARGETED_DEVICE_FAMILY = "1,2";
			};
			name = Release;
		};
/* End XCBuildConfiguration section */

/* Begin XCConfigurationList section */
		95CE070D2618EC33009B85CE /* Build configuration list for PBXProject "PracticalGuideToDragGestureRecognizer" */ = {
			isa = XCConfigurationList;
			buildConfigurations = (
				95CE071F2618EC33009B85CE /* Debug */,
				95CE07202618EC33009B85CE /* Release */,
			);
			defaultConfigurationIsVisible = 0;
			defaultConfigurationName = Release;
		};
		95CE07212618EC33009B85CE /* Build configuration list for PBXNativeTarget "PracticalGuideToDragGestureRecognizer" */ = {
			isa = XCConfigurationList;
			buildConfigurations = (
				95CE07222618EC33009B85CE /* Debug */,
				95CE07232618EC33009B85CE /* Release */,
			);
			defaultConfigurationIsVisible = 0;
			defaultConfigurationName = Release;
		};
/* End XCConfigurationList section */
	};
	rootObject = 95CE070A2618EC33009B85CE /* Project object */;
}
